
Microsoft Visual Studio Solution File, Format Version 12.00
# Visual Studio Version 17
VisualStudioVersion = 17.4.33213.308
MinimumVisualStudioVersion = 10.0.40219.1
Project("{FAE04EC0-301F-11D3-BF4B-00C04F79EFBC}") = "Tool.DateTimeOnly", "Tool.DateTimeOnly\Tool.DateTimeOnly.csproj", "{AF5141BF-2A88-462D-8EF2-21A0AA4169AA}"
EndProject
Global
	GlobalSection(SolutionConfigurationPlatforms) = preSolution
		Debug|Any CPU = Debug|Any CPU
		Release|Any CPU = Release|Any CPU
	EndGlobalSection
	GlobalSection(ProjectConfigurationPlatforms) = postSolution
		{AF5141BF-2A88-462D-8EF2-21A0AA4169AA}.Debug|Any CPU.ActiveCfg = Debug|Any CPU
		{AF5141BF-2A88-462D-8EF2-21A0AA4169AA}.Debug|Any CPU.Build.0 = Debug|Any CPU
		{AF5141BF-2A88-462D-8EF2-21A0AA4169AA}.Release|Any CPU.ActiveCfg = Release|Any CPU
		{AF5141BF-2A88-462D-8EF2-21A0AA4169AA}.Release|Any CPU.Build.0 = Release|Any CPU
	EndGlobalSection
	GlobalSection(SolutionProperties) = preSolution
		HideSolutionNode = FALSE
	EndGlobalSection
	GlobalSection(ExtensibilityGlobals) = postSolution
		SolutionGuid = {A17BE111-D48A-4A62-ACCC-6B48C9C371E3}
	EndGlobalSection
EndGlobal
